%{"bbmustache": {:hex, :bbmustache, "1.0.4"},
  "cf": {:hex, :cf, "0.2.1"},
  "conform": {:hex, :conform, "0.17.0"},
  "erlware_commons": {:hex, :erlware_commons, "0.19.0"},
  "exrm": {:hex, :exrm, "1.0.2"},
  "getopt": {:hex, :getopt, "0.8.2"},
  "neotoma": {:hex, :neotoma, "1.7.3"},
  "nerves": {:hex, :nerves, "0.2.0"},
  "nerves_io_ethernet": {:git, "https://github.com/nerves-project/nerves_io_ethernet.git", "f25a4b75525a1641074e3ca165b827955b5f489e", [branch: "rename-networking"]},
  "nerves_network": {:git, "https://github.com/nerves-project/nerves_io_ethernet.git", "f25a4b75525a1641074e3ca165b827955b5f489e", [branch: "rename-networking"]},
  "nerves_networking": {:git, "https://github.com/nerves-project/nerves_io_ethernet.git", "f25a4b75525a1641074e3ca165b827955b5f489e", [branch: "rename-networking"]},
  "nerves_ssdp_server": {:git, "https://github.com/nerves-project/nerves_ssdp_server.git", "d73c4ee63e2f80e22da0948f0ab2477db852bab6", []},
  "providers": {:hex, :providers, "1.6.0"},
  "relx": {:hex, :relx, "3.18.0"}}
